
Microsoft Visual Studio Solution File, Format Version 12.00
# Visual Studio Version 17
VisualStudioVersion = 17.8.34408.163
MinimumVisualStudioVersion = 10.0.40219.1
Project("{FAE04EC0-301F-11D3-BF4B-00C04F79EFBC}") = "CallStackExceptionHandlingLib", "CallStackExceptionHandlingLib\CallStackExceptionHandlingLib.csproj", "{F0F924DF-5AA9-4C2C-B851-A16D4A8BA795}"
EndProject
Global
	GlobalSection(SolutionConfigurationPlatforms) = preSolution
		Debug|Any CPU = Debug|Any CPU
		Release|Any CPU = Release|Any CPU
	EndGlobalSection
	GlobalSection(ProjectConfigurationPlatforms) = postSolution
		{F0F924DF-5AA9-4C2C-B851-A16D4A8BA795}.Debug|Any CPU.ActiveCfg = Debug|Any CPU
		{F0F924DF-5AA9-4C2C-B851-A16D4A8BA795}.Debug|Any CPU.Build.0 = Debug|Any CPU
		{F0F924DF-5AA9-4C2C-B851-A16D4A8BA795}.Release|Any CPU.ActiveCfg = Release|Any CPU
		{F0F924DF-5AA9-4C2C-B851-A16D4A8BA795}.Release|Any CPU.Build.0 = Release|Any CPU
	EndGlobalSection
	GlobalSection(SolutionProperties) = preSolution
		HideSolutionNode = FALSE
	EndGlobalSection
	GlobalSection(ExtensibilityGlobals) = postSolution
		SolutionGuid = {62CA5B22-0F84-4ADB-BC42-FB7056DB409A}
	EndGlobalSection
EndGlobal
